// !$*UTF8*$!
{
	archiveVersion = 1;
	classes = {
	};
	objectVersion = 56;
	objects = {

/* Begin PBXBuildFile section */
		A307E0532AD1BCB800F46D8C /* AppDelegate.swift in Sources */ = {isa = PBXBuildFile; fileRef = A307E0522AD1BCB800F46D8C /* AppDelegate.swift */; };
		A307E0552AD1BCB800F46D8C /* SceneDelegate.swift in Sources */ = {isa = PBXBuildFile; fileRef = A307E0542AD1BCB800F46D8C /* SceneDelegate.swift */; };
		A307E0572AD1BCB800F46D8C /* ViewController.swift in Sources */ = {isa = PBXBuildFile; fileRef = A307E0562AD1BCB800F46D8C /* ViewController.swift */; };
		A307E05C2AD1BCB900F46D8C /* Assets.xcassets in Resources */ = {isa = PBXBuildFile; fileRef = A307E05B2AD1BCB900F46D8C /* Assets.xcassets */; };
		A307E05F2AD1BCB900F46D8C /* LaunchScreen.storyboard in Resources */ = {isa = PBXBuildFile; fileRef = A307E05D2AD1BCB900F46D8C /* LaunchScreen.storyboard */; };
		A307E06B2AD1BD5500F46D8C /* UIComponent in Frameworks */ = {isa = PBXBuildFile; productRef = A307E06A2AD1BD5500F46D8C /* UIComponent */; };
		A307E06E2AD1BDBD00F46D8C /* DynamicTransition in Frameworks */ = {isa = PBXBuildFile; productRef = A307E06D2AD1BDBD00F46D8C /* DynamicTransition */; };
		A37842922AD1C95A006609CE /* ImageData.swift in Sources */ = {isa = PBXBuildFile; fileRef = A37842902AD1C95A006609CE /* ImageData.swift */; };
		A37842952AD1C977006609CE /* Kingfisher in Frameworks */ = {isa = PBXBuildFile; productRef = A37842942AD1C977006609CE /* Kingfisher */; };
/* End PBXBuildFile section */

/* Begin PBXFileReference section */
		A307E04F2AD1BCB800F46D8C /* DynamicTransitionExample.app */ = {isa = PBXFileReference; explicitFileType = wrapper.application; includeInIndex = 0; path = DynamicTransitionExample.app; sourceTree = BUILT_PRODUCTS_DIR; };
		A307E0522AD1BCB800F46D8C /* AppDelegate.swift */ = {isa = PBXFileReference; lastKnownFileType = sourcecode.swift; path = AppDelegate.swift; sourceTree = "<group>"; };
		A307E0542AD1BCB800F46D8C /* SceneDelegate.swift */ = {isa = PBXFileReference; lastKnownFileType = sourcecode.swift; path = SceneDelegate.swift; sourceTree = "<group>"; };
		A307E0562AD1BCB800F46D8C /* ViewController.swift */ = {isa = PBXFileReference; lastKnownFileType = sourcecode.swift; path = ViewController.swift; sourceTree = "<group>"; };
		A307E05B2AD1BCB900F46D8C /* Assets.xcassets */ = {isa = PBXFileReference; lastKnownFileType = folder.assetcatalog; path = Assets.xcassets; sourceTree = "<group>"; };
		A307E05E2AD1BCB900F46D8C /* Base */ = {isa = PBXFileReference; lastKnownFileType = file.storyboard; name = Base; path = Base.lproj/LaunchScreen.storyboard; sourceTree = "<group>"; };
		A307E0602AD1BCB900F46D8C /* Info.plist */ = {isa = PBXFileReference; lastKnownFileType = text.plist.xml; path = Info.plist; sourceTree = "<group>"; };
		A307E0682AD1BCFC00F46D8C /* DynamicTransition */ = {isa = PBXFileReference; lastKnownFileType = wrapper; name = DynamicTransition; path = ..; sourceTree = "<group>"; };
		A37842902AD1C95A006609CE /* ImageData.swift */ = {isa = PBXFileReference; fileEncoding = 4; lastKnownFileType = sourcecode.swift; path = ImageData.swift; sourceTree = "<group>"; };
		A37842962AD239A3006609CE /* YetAnotherAnimationLibrary */ = {isa = PBXFileReference; lastKnownFileType = wrapper; name = YetAnotherAnimationLibrary; path = ../../YetAnotherAnimationLibrary; sourceTree = "<group>"; };
/* End PBXFileReference section */

/* Begin PBXFrameworksBuildPhase section */
		A307E04C2AD1BCB800F46D8C /* Frameworks */ = {
			isa = PBXFrameworksBuildPhase;
			buildActionMask = 2147483647;
			files = (
				A37842952AD1C977006609CE /* Kingfisher in Frameworks */,
				A307E06B2AD1BD5500F46D8C /* UIComponent in Frameworks */,
				A307E06E2AD1BDBD00F46D8C /* DynamicTransition in Frameworks */,
			);
			runOnlyForDeploymentPostprocessing = 0;
		};
/* End PBXFrameworksBuildPhase section */

/* Begin PBXGroup section */
		A307E0462AD1BCB800F46D8C = {
			isa = PBXGroup;
			children = (
				A37842962AD239A3006609CE /* YetAnotherAnimationLibrary */,
				A307E0682AD1BCFC00F46D8C /* DynamicTransition */,
				A307E0512AD1BCB800F46D8C /* DynamicTransitionExample */,
				A307E0502AD1BCB800F46D8C /* Products */,
				A307E06C2AD1BDBD00F46D8C /* Frameworks */,
			);
			sourceTree = "<group>";
		};
		A307E0502AD1BCB800F46D8C /* Products */ = {
			isa = PBXGroup;
			children = (
				A307E04F2AD1BCB800F46D8C /* DynamicTransitionExample.app */,
			);
			name = Products;
			sourceTree = "<group>";
		};
		A307E0512AD1BCB800F46D8C /* DynamicTransitionExample */ = {
			isa = PBXGroup;
			children = (
				A307E0522AD1BCB800F46D8C /* AppDelegate.swift */,
				A307E0542AD1BCB800F46D8C /* SceneDelegate.swift */,
				A307E0562AD1BCB800F46D8C /* ViewController.swift */,
				A37842902AD1C95A006609CE /* ImageData.swift */,
				A307E05B2AD1BCB900F46D8C /* Assets.xcassets */,
				A307E05D2AD1BCB900F46D8C /* LaunchScreen.storyboard */,
				A307E0602AD1BCB900F46D8C /* Info.plist */,
			);
			path = DynamicTransitionExample;
			sourceTree = "<group>";
		};
		A307E06C2AD1BDBD00F46D8C /* Frameworks */ = {
			isa = PBXGroup;
			children = (
			);
			name = Frameworks;
			sourceTree = "<group>";
		};
/* End PBXGroup section */

/* Begin PBXNativeTarget section */
		A307E04E2AD1BCB800F46D8C /* DynamicTransitionExample */ = {
			isa = PBXNativeTarget;
			buildConfigurationList = A307E0632AD1BCB900F46D8C /* Build configuration list for PBXNativeTarget "DynamicTransitionExample" */;
			buildPhases = (
				A307E04B2AD1BCB800F46D8C /* Sources */,
				A307E04C2AD1BCB800F46D8C /* Frameworks */,
				A307E04D2AD1BCB800F46D8C /* Resources */,
			);
			buildRules = (
			);
			dependencies = (
			);
			name = DynamicTransitionExample;
			packageProductDependencies = (
				A307E06A2AD1BD5500F46D8C /* UIComponent */,
				A307E06D2AD1BDBD00F46D8C /* DynamicTransition */,
				A37842942AD1C977006609CE /* Kingfisher */,
			);
			productName = DynamicTransitionExample;
			productReference = A307E04F2AD1BCB800F46D8C /* DynamicTransitionExample.app */;
			productType = "com.apple.product-type.application";
		};
/* End PBXNativeTarget section */

/* Begin PBXProject section */
		A307E0472AD1BCB800F46D8C /* Project object */ = {
			isa = PBXProject;
			attributes = {
				BuildIndependentTargetsInParallel = 1;
				LastSwiftUpdateCheck = 1500;
				LastUpgradeCheck = 1500;
				TargetAttributes = {
					A307E04E2AD1BCB800F46D8C = {
						CreatedOnToolsVersion = 15.0;
					};
				};
			};
			buildConfigurationList = A307E04A2AD1BCB800F46D8C /* Build configuration list for PBXProject "DynamicTransitionExample" */;
			compatibilityVersion = "Xcode 14.0";
			developmentRegion = en;
			hasScannedForEncodings = 0;
			knownRegions = (
				en,
				Base,
			);
			mainGroup = A307E0462AD1BCB800F46D8C;
			packageReferences = (
				A307E0692AD1BD5500F46D8C /* XCRemoteSwiftPackageReference "UIComponent" */,
				A37842932AD1C977006609CE /* XCRemoteSwiftPackageReference "Kingfisher" */,
			);
			productRefGroup = A307E0502AD1BCB800F46D8C /* Products */;
			projectDirPath = "";
			projectRoot = "";
			targets = (
				A307E04E2AD1BCB800F46D8C /* DynamicTransitionExample */,
			);
		};
/* End PBXProject section */

/* Begin PBXResourcesBuildPhase section */
		A307E04D2AD1BCB800F46D8C /* Resources */ = {
			isa = PBXResourcesBuildPhase;
			buildActionMask = 2147483647;
			files = (
				A307E05F2AD1BCB900F46D8C /* LaunchScreen.storyboard in Resources */,
				A307E05C2AD1BCB900F46D8C /* Assets.xcassets in Resources */,
			);
			runOnlyForDeploymentPostprocessing = 0;
		};
/* End PBXResourcesBuildPhase section */

/* Begin PBXSourcesBuildPhase section */
		A307E04B2AD1BCB800F46D8C /* Sources */ = {
			isa = PBXSourcesBuildPhase;
			buildActionMask = 2147483647;
			files = (
				A307E0572AD1BCB800F46D8C /* ViewController.swift in Sources */,
				A307E0532AD1BCB800F46D8C /* AppDelegate.swift in Sources */,
				A37842922AD1C95A006609CE /* ImageData.swift in Sources */,
				A307E0552AD1BCB800F46D8C /* SceneDelegate.swift in Sources */,
			);
			runOnlyForDeploymentPostprocessing = 0;
		};
/* End PBXSourcesBuildPhase section */

/* Begin PBXVariantGroup section */
		A307E05D2AD1BCB900F46D8C /* LaunchScreen.storyboard */ = {
			isa = PBXVariantGroup;
			children = (
				A307E05E2AD1BCB900F46D8C /* Base */,
			);
			name = LaunchScreen.storyboard;
			sourceTree = "<group>";
		};
/* End PBXVariantGroup section */

/* Begin XCBuildConfiguration section */
		A307E0612AD1BCB900F46D8C /* Debug */ = {
			isa = XCBuildConfiguration;
			buildSettings = {
				ALWAYS_SEARCH_USER_PATHS = NO;
				ASSETCATALOG_COMPILER_GENERATE_SWIFT_ASSET_SYMBOL_EXTENSIONS = YES;
				CLANG_ANALYZER_NONNULL = YES;
				CLANG_ANALYZER_NUMBER_OBJECT_CONVERSION = YES_AGGRESSIVE;
				CLANG_CXX_LANGUAGE_STANDARD = "gnu++20";
				CLANG_ENABLE_MODULES = YES;
				CLANG_ENABLE_OBJC_ARC = YES;
				CLANG_ENABLE_OBJC_WEAK = YES;
				CLANG_WARN_BLOCK_CAPTURE_AUTORELEASING = YES;
				CLANG_WARN_BOOL_CONVERSION = YES;
				CLANG_WARN_COMMA = YES;
				CLANG_WARN_CONSTANT_CONVERSION = YES;
				CLANG_WARN_DEPRECATED_OBJC_IMPLEMENTATIONS = YES;
				CLANG_WARN_DIRECT_OBJC_ISA_USAGE = YES_ERROR;
				CLANG_WARN_DOCUMENTATION_COMMENTS = YES;
				CLANG_WARN_EMPTY_BODY = YES;
				CLANG_WARN_ENUM_CONVERSION = YES;
				CLANG_WARN_INFINITE_RECURSION = YES;
				CLANG_WARN_INT_CONVERSION = YES;
				CLANG_WARN_NON_LITERAL_NULL_CONVERSION = YES;
				CLANG_WARN_OBJC_IMPLICIT_RETAIN_SELF = YES;
				CLANG_WARN_OBJC_LITERAL_CONVERSION = YES;
				CLANG_WARN_OBJC_ROOT_CLASS = YES_ERROR;
				CLANG_WARN_QUOTED_INCLUDE_IN_FRAMEWORK_HEADER = YES;
				CLANG_WARN_RANGE_LOOP_ANALYSIS = YES;
				CLANG_WARN_STRICT_PROTOTYPES = YES;
				CLANG_WARN_SUSPICIOUS_MOVE = YES;
				CLANG_WARN_UNGUARDED_AVAILABILITY = YES_AGGRESSIVE;
				CLANG_WARN_UNREACHABLE_CODE = YES;
				CLANG_WARN__DUPLICATE_METHOD_MATCH = YES;
				COPY_PHASE_STRIP = NO;
				DEBUG_INFORMATION_FORMAT = dwarf;
				ENABLE_STRICT_OBJC_MSGSEND = YES;
				ENABLE_TESTABILITY = YES;
				ENABLE_USER_SCRIPT_SANDBOXING = YES;
				GCC_C_LANGUAGE_STANDARD = gnu17;
				GCC_DYNAMIC_NO_PIC = NO;
				GCC_NO_COMMON_BLOCKS = YES;
				GCC_OPTIMIZATION_LEVEL = 0;
				GCC_PREPROCESSOR_DEFINITIONS = (
					"DEBUG=1",
					"$(inherited)",
				);
				GCC_WARN_64_TO_32_BIT_CONVERSION = YES;
				GCC_WARN_ABOUT_RETURN_TYPE = YES_ERROR;
				GCC_WARN_UNDECLARED_SELECTOR = YES;
				GCC_WARN_UNINITIALIZED_AUTOS = YES_AGGRESSIVE;
				GCC_WARN_UNUSED_FUNCTION = YES;
				GCC_WARN_UNUSED_VARIABLE = YES;
				IPHONEOS_DEPLOYMENT_TARGET = 17.0;
				LOCALIZATION_PREFERS_STRING_CATALOGS = YES;
				MTL_ENABLE_DEBUG_INFO = INCLUDE_SOURCE;
				MTL_FAST_MATH = YES;
				ONLY_ACTIVE_ARCH = YES;
				SDKROOT = iphoneos;
				SWIFT_ACTIVE_COMPILATION_CONDITIONS = "DEBUG $(inherited)";
				SWIFT_OPTIMIZATION_LEVEL = "-Onone";
			};
			name = Debug;
		};
		A307E0622AD1BCB900F46D8C /* Release */ = {
			isa = XCBuildConfiguration;
			buildSettings = {
				ALWAYS_SEARCH_USER_PATHS = NO;
				ASSETCATALOG_COMPILER_GENERATE_SWIFT_ASSET_SYMBOL_EXTENSIONS = YES;
				CLANG_ANALYZER_NONNULL = YES;
				CLANG_ANALYZER_NUMBER_OBJECT_CONVERSION = YES_AGGRESSIVE;
				CLANG_CXX_LANGUAGE_STANDARD = "gnu++20";
				CLANG_ENABLE_MODULES = YES;
				CLANG_ENABLE_OBJC_ARC = YES;
				CLANG_ENABLE_OBJC_WEAK = YES;
				CLANG_WARN_BLOCK_CAPTURE_AUTORELEASING = YES;
				CLANG_WARN_BOOL_CONVERSION = YES;
				CLANG_WARN_COMMA = YES;
				CLANG_WARN_CONSTANT_CONVERSION = YES;
				CLANG_WARN_DEPRECATED_OBJC_IMPLEMENTATIONS = YES;
				CLANG_WARN_DIRECT_OBJC_ISA_USAGE = YES_ERROR;
				CLANG_WARN_DOCUMENTATION_COMMENTS = YES;
				CLANG_WARN_EMPTY_BODY = YES;
				CLANG_WARN_ENUM_CONVERSION = YES;
				CLANG_WARN_INFINITE_RECURSION = YES;
				CLANG_WARN_INT_CONVERSION = YES;
				CLANG_WARN_NON_LITERAL_NULL_CONVERSION = YES;
				CLANG_WARN_OBJC_IMPLICIT_RETAIN_SELF = YES;
				CLANG_WARN_OBJC_LITERAL_CONVERSION = YES;
				CLANG_WARN_OBJC_ROOT_CLASS = YES_ERROR;
				CLANG_WARN_QUOTED_INCLUDE_IN_FRAMEWORK_HEADER = YES;
				CLANG_WARN_RANGE_LOOP_ANALYSIS = YES;
				CLANG_WARN_STRICT_PROTOTYPES = YES;
				CLANG_WARN_SUSPICIOUS_MOVE = YES;
				CLANG_WARN_UNGUARDED_AVAILABILITY = YES_AGGRESSIVE;
				CLANG_WARN_UNREACHABLE_CODE = YES;
				CLANG_WARN__DUPLICATE_METHOD_MATCH = YES;
				COPY_PHASE_STRIP = NO;
				DEBUG_INFORMATION_FORMAT = "dwarf-with-dsym";
				ENABLE_NS_ASSERTIONS = NO;
				ENABLE_STRICT_OBJC_MSGSEND = YES;
				ENABLE_USER_SCRIPT_SANDBOXING = YES;
				GCC_C_LANGUAGE_STANDARD = gnu17;
				GCC_NO_COMMON_BLOCKS = YES;
				GCC_WARN_64_TO_32_BIT_CONVERSION = YES;
				GCC_WARN_ABOUT_RETURN_TYPE = YES_ERROR;
				GCC_WARN_UNDECLARED_SELECTOR = YES;
				GCC_WARN_UNINITIALIZED_AUTOS = YES_AGGRESSIVE;
				GCC_WARN_UNUSED_FUNCTION = YES;
				GCC_WARN_UNUSED_VARIABLE = YES;
				IPHONEOS_DEPLOYMENT_TARGET = 17.0;
				LOCALIZATION_PREFERS_STRING_CATALOGS = YES;
				MTL_ENABLE_DEBUG_INFO = NO;
				MTL_FAST_MATH = YES;
				SDKROOT = iphoneos;
				SWIFT_COMPILATION_MODE = wholemodule;
				VALIDATE_PRODUCT = YES;
			};
			name = Release;
		};
		A307E0642AD1BCB900F46D8C /* Debug */ = {
			isa = XCBuildConfiguration;
			buildSettings = {
				ASSETCATALOG_COMPILER_APPICON_NAME = AppIcon;
				ASSETCATALOG_COMPILER_GLOBAL_ACCENT_COLOR_NAME = AccentColor;
				CODE_SIGN_STYLE = Automatic;
				CURRENT_PROJECT_VERSION = 1;
				DEVELOPMENT_TEAM = 4VSEW78TKT;
				GENERATE_INFOPLIST_FILE = YES;
				INFOPLIST_FILE = DynamicTransitionExample/Info.plist;
				INFOPLIST_KEY_UIApplicationSupportsIndirectInputEvents = YES;
				INFOPLIST_KEY_UILaunchStoryboardName = LaunchScreen;
				INFOPLIST_KEY_UISupportedInterfaceOrientations_iPad = "UIInterfaceOrientationPortrait UIInterfaceOrientationPortraitUpsideDown UIInterfaceOrientationLandscapeLeft UIInterfaceOrientationLandscapeRight";
				INFOPLIST_KEY_UISupportedInterfaceOrientations_iPhone = "UIInterfaceOrientationPortrait UIInterfaceOrientationLandscapeLeft UIInterfaceOrientationLandscapeRight";
				LD_RUNPATH_SEARCH_PATHS = (
					"$(inherited)",
					"@executable_path/Frameworks",
				);
				MARKETING_VERSION = 1.0;
				PRODUCT_BUNDLE_IDENTIFIER = com.lkzhao.DynamicTransitionExample;
				PRODUCT_NAME = "$(TARGET_NAME)";
				SWIFT_EMIT_LOC_STRINGS = YES;
				SWIFT_VERSION = 5.0;
				TARGETED_DEVICE_FAMILY = "1,2";
			};
			name = Debug;
		};
		A307E0652AD1BCB900F46D8C /* Release */ = {
			isa = XCBuildConfiguration;
			buildSettings = {
				ASSETCATALOG_COMPILER_APPICON_NAME = AppIcon;
				ASSETCATALOG_COMPILER_GLOBAL_ACCENT_COLOR_NAME = AccentColor;
				CODE_SIGN_STYLE = Automatic;
				CURRENT_PROJECT_VERSION = 1;
				DEVELOPMENT_TEAM = 4VSEW78TKT;
				GENERATE_INFOPLIST_FILE = YES;
				INFOPLIST_FILE = DynamicTransitionExample/Info.plist;
				INFOPLIST_KEY_UIApplicationSupportsIndirectInputEvents = YES;
				INFOPLIST_KEY_UILaunchStoryboardName = LaunchScreen;
				INFOPLIST_KEY_UISupportedInterfaceOrientations_iPad = "UIInterfaceOrientationPortrait UIInterfaceOrientationPortraitUpsideDown UIInterfaceOrientationLandscapeLeft UIInterfaceOrientationLandscapeRight";
				INFOPLIST_KEY_UISupportedInterfaceOrientations_iPhone = "UIInterfaceOrientationPortrait UIInterfaceOrientationLandscapeLeft UIInterfaceOrientationLandscapeRight";
				LD_RUNPATH_SEARCH_PATHS = (
					"$(inherited)",
					"@executable_path/Frameworks",
				);
				MARKETING_VERSION = 1.0;
				PRODUCT_BUNDLE_IDENTIFIER = com.lkzhao.DynamicTransitionExample;
				PRODUCT_NAME = "$(TARGET_NAME)";
				SWIFT_EMIT_LOC_STRINGS = YES;
				SWIFT_VERSION = 5.0;
				TARGETED_DEVICE_FAMILY = "1,2";
			};
			name = Release;
		};
/* End XCBuildConfiguration section */

/* Begin XCConfigurationList section */
		A307E04A2AD1BCB800F46D8C /* Build configuration list for PBXProject "DynamicTransitionExample" */ = {
			isa = XCConfigurationList;
			buildConfigurations = (
				A307E0612AD1BCB900F46D8C /* Debug */,
				A307E0622AD1BCB900F46D8C /* Release */,
			);
			defaultConfigurationIsVisible = 0;
			defaultConfigurationName = Release;
		};
		A307E0632AD1BCB900F46D8C /* Build configuration list for PBXNativeTarget "DynamicTransitionExample" */ = {
			isa = XCConfigurationList;
			buildConfigurations = (
				A307E0642AD1BCB900F46D8C /* Debug */,
				A307E0652AD1BCB900F46D8C /* Release */,
			);
			defaultConfigurationIsVisible = 0;
			defaultConfigurationName = Release;
		};
/* End XCConfigurationList section */

/* Begin XCRemoteSwiftPackageReference section */
		A307E0692AD1BD5500F46D8C /* XCRemoteSwiftPackageReference "UIComponent" */ = {
			isa = XCRemoteSwiftPackageReference;
			repositoryURL = "https://github.com/lkzhao/UIComponent";
			requirement = {
				branch = 2.0;
				kind = branch;
			};
		};
		A37842932AD1C977006609CE /* XCRemoteSwiftPackageReference "Kingfisher" */ = {
			isa = XCRemoteSwiftPackageReference;
			repositoryURL = "https://github.com/onevcat/Kingfisher";
			requirement = {
				kind = upToNextMajorVersion;
				minimumVersion = 7.9.1;
			};
		};
/* End XCRemoteSwiftPackageReference section */

/* Begin XCSwiftPackageProductDependency section */
		A307E06A2AD1BD5500F46D8C /* UIComponent */ = {
			isa = XCSwiftPackageProductDependency;
			package = A307E0692AD1BD5500F46D8C /* XCRemoteSwiftPackageReference "UIComponent" */;
			productName = UIComponent;
		};
		A307E06D2AD1BDBD00F46D8C /* DynamicTransition */ = {
			isa = XCSwiftPackageProductDependency;
			productName = DynamicTransition;
		};
		A37842942AD1C977006609CE /* Kingfisher */ = {
			isa = XCSwiftPackageProductDependency;
			package = A37842932AD1C977006609CE /* XCRemoteSwiftPackageReference "Kingfisher" */;
			productName = Kingfisher;
		};
/* End XCSwiftPackageProductDependency section */
	};
	rootObject = A307E0472AD1BCB800F46D8C /* Project object */;
}
