{
  "pins" : [
    {
      "identity" : "basetoolbox",
      "kind" : "remoteSourceControl",
      "location" : "https://github.com/lkzhao/BaseToolbox",
      "state" : {
        "revision" : "b3116a0a9d5c18c2f048b49d3259aef460540d94",
        "version" : "0.6.0"
      }
    },
    {
      "identity" : "motion",
      "kind" : "remoteSourceControl",
      "location" : "https://github.com/b3ll/Motion",
      "state" : {
        "revision" : "3b12eaa580a914fd1e2f11c2e42f96a90a90fb64",
        "version" : "0.1.4"
      }
    },
    {
      "identity" : "screencorners",
      "kind" : "remoteSourceControl",
      "location" : "https://github.com/kylebshr/ScreenCorners",
      "state" : {
        "revision" : "1b71897c8d9091cad34bf10a47e3810c0c10e1e8",
        "version" : "1.0.1"
      }
    },
    {
      "identity" : "swift-numerics",
      "kind" : "remoteSourceControl",
      "location" : "https://github.com/apple/swift-numerics",
      "state" : {
        "revision" : "0a5bc04095a675662cf24757cc0640aa2204253b",
        "version" : "1.0.2"
      }
    },
    {
      "identity" : "uicomponent",
      "kind" : "remoteSourceControl",
      "location" : "https://github.com/lkzhao/UIComponent",
      "state" : {
        "revision" : "bb8dc530131af4e7818851de4938ea88eb9b8eda",
        "version" : "4.0.0-beta-4"
      }
    }
  ],
  "version" : 2
}
